// !$*UTF8*$!
{
	archiveVersion = 1;
	classes = {
	};
	objectVersion = 45;
	objects = {

/* Begin PBXBuildFile section */
		32A4FEBE0562C75700D090E7 /* sirensnke.c in Sources */ = {isa = PBXBuildFile; fileRef = 1A224C3CFF42312311CA2CB7 /* sirensnke.c */; settings = {ATTRIBUTES = (); }; };
		F109EC741197A8DD0097E9C0 /* README in Resources */ = {isa = PBXBuildFile; fileRef = F109EC731197A8DD0097E9C0 /* README */; };
		F17870AC1089462D000E6DC1 /* ip_sirens.h in Headers */ = {isa = PBXBuildFile; fileRef = F17870AB1089462D000E6DC1 /* ip_sirens.h */; };
		F1A0A342107B2F3400B70183 /* sirensnke.h in Headers */ = {isa = PBXBuildFile; fileRef = F1A0A341107B2F3400B70183 /* sirensnke.h */; };
		F1A87A791096C8820002411E /* mbuf.h in Headers */ = {isa = PBXBuildFile; fileRef = F1A87A781096C8820002411E /* mbuf.h */; };
		F1A87A7C1096C8AF0002411E /* version.plist in Resources */ = {isa = PBXBuildFile; fileRef = F1A87A7B1096C8AF0002411E /* version.plist */; };
		F1E24606109699F10029A015 /* ip_pcbopt.c in Sources */ = {isa = PBXBuildFile; fileRef = F1E24605109699F10029A015 /* ip_pcbopt.c */; };
/* End PBXBuildFile section */

/* Begin PBXFileReference section */
		1A224C3CFF42312311CA2CB7 /* sirensnke.c */ = {isa = PBXFileReference; fileEncoding = 4; lastKnownFileType = sourcecode.c.c; path = sirensnke.c; sourceTree = "<group>"; };
		32A4FEC30562C75700D090E7 /* Info.plist */ = {isa = PBXFileReference; lastKnownFileType = text.plist.xml; path = Info.plist; sourceTree = "<group>"; };
		32A4FEC40562C75800D090E7 /* sirensnke.kext */ = {isa = PBXFileReference; explicitFileType = wrapper.cfbundle; includeInIndex = 0; path = sirensnke.kext; sourceTree = BUILT_PRODUCTS_DIR; };
		F109EC731197A8DD0097E9C0 /* README */ = {isa = PBXFileReference; fileEncoding = 4; lastKnownFileType = text; path = README; sourceTree = "<group>"; };
		F17870AB1089462D000E6DC1 /* ip_sirens.h */ = {isa = PBXFileReference; fileEncoding = 4; lastKnownFileType = sourcecode.c.h; path = ip_sirens.h; sourceTree = "<group>"; };
		F1A0A341107B2F3400B70183 /* sirensnke.h */ = {isa = PBXFileReference; fileEncoding = 4; lastKnownFileType = sourcecode.c.h; path = sirensnke.h; sourceTree = "<group>"; };
		F1A87A781096C8820002411E /* mbuf.h */ = {isa = PBXFileReference; fileEncoding = 4; lastKnownFileType = sourcecode.c.h; name = mbuf.h; path = sys/mbuf.h; sourceTree = "<group>"; };
		F1A87A7B1096C8AF0002411E /* version.plist */ = {isa = PBXFileReference; fileEncoding = 4; lastKnownFileType = text.plist.xml; path = version.plist; sourceTree = "<group>"; };
		F1E24605109699F10029A015 /* ip_pcbopt.c */ = {isa = PBXFileReference; fileEncoding = 4; lastKnownFileType = sourcecode.c.c; path = ip_pcbopt.c; sourceTree = "<group>"; };
/* End PBXFileReference section */

/* Begin PBXFrameworksBuildPhase section */
		32A4FEBF0562C75700D090E7 /* Frameworks */ = {
			isa = PBXFrameworksBuildPhase;
			buildActionMask = 2147483647;
			files = (
			);
			runOnlyForDeploymentPostprocessing = 0;
		};
/* End PBXFrameworksBuildPhase section */

/* Begin PBXGroup section */
		089C166AFE841209C02AAC07 /* sirensnke */ = {
			isa = PBXGroup;
			children = (
				247142CAFF3F8F9811CA285C /* Source */,
				089C167CFE841241C02AAC07 /* Resources */,
				19C28FB6FE9D52B211CA2CBB /* Products */,
				F109EC731197A8DD0097E9C0 /* README */,
			);
			name = sirensnke;
			sourceTree = "<group>";
		};
		089C167CFE841241C02AAC07 /* Resources */ = {
			isa = PBXGroup;
			children = (
				32A4FEC30562C75700D090E7 /* Info.plist */,
			);
			name = Resources;
			sourceTree = "<group>";
		};
		19C28FB6FE9D52B211CA2CBB /* Products */ = {
			isa = PBXGroup;
			children = (
				32A4FEC40562C75800D090E7 /* sirensnke.kext */,
			);
			name = Products;
			sourceTree = "<group>";
		};
		247142CAFF3F8F9811CA285C /* Source */ = {
			isa = PBXGroup;
			children = (
				F1A87A7B1096C8AF0002411E /* version.plist */,
				F1A87A7A1096C8900002411E /* sys */,
				F17870AA1089462D000E6DC1 /* netinet */,
				F1A0A341107B2F3400B70183 /* sirensnke.h */,
				1A224C3CFF42312311CA2CB7 /* sirensnke.c */,
			);
			name = Source;
			sourceTree = "<group>";
		};
		F17870AA1089462D000E6DC1 /* netinet */ = {
			isa = PBXGroup;
			children = (
				F1E24605109699F10029A015 /* ip_pcbopt.c */,
				F17870AB1089462D000E6DC1 /* ip_sirens.h */,
			);
			path = netinet;
			sourceTree = "<group>";
		};
		F1A87A7A1096C8900002411E /* sys */ = {
			isa = PBXGroup;
			children = (
				F1A87A781096C8820002411E /* mbuf.h */,
			);
			name = sys;
			sourceTree = "<group>";
		};
/* End PBXGroup section */

/* Begin PBXHeadersBuildPhase section */
		32A4FEBA0562C75700D090E7 /* Headers */ = {
			isa = PBXHeadersBuildPhase;
			buildActionMask = 2147483647;
			files = (
				F1A0A342107B2F3400B70183 /* sirensnke.h in Headers */,
				F17870AC1089462D000E6DC1 /* ip_sirens.h in Headers */,
				F1A87A791096C8820002411E /* mbuf.h in Headers */,
			);
			runOnlyForDeploymentPostprocessing = 0;
		};
/* End PBXHeadersBuildPhase section */

/* Begin PBXNativeTarget section */
		32A4FEB80562C75700D090E7 /* sirensnke */ = {
			isa = PBXNativeTarget;
			buildConfigurationList = 1DEB91C308733DAC0010E9CD /* Build configuration list for PBXNativeTarget "sirensnke" */;
			buildPhases = (
				32A4FEBA0562C75700D090E7 /* Headers */,
				32A4FEBB0562C75700D090E7 /* Resources */,
				32A4FEBD0562C75700D090E7 /* Sources */,
				32A4FEBF0562C75700D090E7 /* Frameworks */,
				32A4FEC00562C75700D090E7 /* Rez */,
			);
			buildRules = (
			);
			dependencies = (
			);
			name = sirensnke;
			productInstallPath = "$(SYSTEM_LIBRARY_DIR)/Extensions";
			productName = sirensnke;
			productReference = 32A4FEC40562C75800D090E7 /* sirensnke.kext */;
			productType = "com.apple.product-type.kernel-extension";
		};
/* End PBXNativeTarget section */

/* Begin PBXProject section */
		089C1669FE841209C02AAC07 /* Project object */ = {
			isa = PBXProject;
			buildConfigurationList = 1DEB91C708733DAC0010E9CD /* Build configuration list for PBXProject "sirensnke" */;
			compatibilityVersion = "Xcode 3.1";
			developmentRegion = English;
			hasScannedForEncodings = 1;
			knownRegions = (
				English,
				Japanese,
				French,
				German,
			);
			mainGroup = 089C166AFE841209C02AAC07 /* sirensnke */;
			projectDirPath = "";
			projectRoot = "";
			targets = (
				32A4FEB80562C75700D090E7 /* sirensnke */,
			);
		};
/* End PBXProject section */

/* Begin PBXResourcesBuildPhase section */
		32A4FEBB0562C75700D090E7 /* Resources */ = {
			isa = PBXResourcesBuildPhase;
			buildActionMask = 2147483647;
			files = (
				F1A87A7C1096C8AF0002411E /* version.plist in Resources */,
				F109EC741197A8DD0097E9C0 /* README in Resources */,
			);
			runOnlyForDeploymentPostprocessing = 0;
		};
/* End PBXResourcesBuildPhase section */

/* Begin PBXRezBuildPhase section */
		32A4FEC00562C75700D090E7 /* Rez */ = {
			isa = PBXRezBuildPhase;
			buildActionMask = 2147483647;
			files = (
			);
			runOnlyForDeploymentPostprocessing = 0;
		};
/* End PBXRezBuildPhase section */

/* Begin PBXSourcesBuildPhase section */
		32A4FEBD0562C75700D090E7 /* Sources */ = {
			isa = PBXSourcesBuildPhase;
			buildActionMask = 2147483647;
			files = (
				32A4FEBE0562C75700D090E7 /* sirensnke.c in Sources */,
				F1E24606109699F10029A015 /* ip_pcbopt.c in Sources */,
			);
			runOnlyForDeploymentPostprocessing = 0;
		};
/* End PBXSourcesBuildPhase section */

/* Begin XCBuildConfiguration section */
		1DEB91C408733DAC0010E9CD /* Debug */ = {
			isa = XCBuildConfiguration;
			buildSettings = {
				ALWAYS_SEARCH_USER_PATHS = NO;
				COPY_PHASE_STRIP = NO;
				DEBUG_INFORMATION_FORMAT = dwarf;
				GCC_DYNAMIC_NO_PIC = NO;
				GCC_MODEL_TUNING = G5;
				GCC_OPTIMIZATION_LEVEL = 0;
				INFOPLIST_FILE = Info.plist;
				INFOPLIST_PREPROCESS = YES;
				INFOPLIST_PREPROCESSOR_DEFINITIONS = (
					"KEXT_BUNDLE_ID=jp.hpcc.ikob.kext.sirensnke",
					"KEXT_VERSION=1.0",
				);
				INSTALL_PATH = "$(SYSTEM_LIBRARY_DIR)/Extensions";
				MODULE_NAME = jp.hpcc.ikob.kext.sirensnke;
				MODULE_NAME_ = jp_hpcc_ikob_kext_sirensnke;
				MODULE_START = jp_hpcc_ikob_kext_sirensnke_start;
				MODULE_STOP = jp_hpcc_ikob_kext_sirensnke_stop;
				MODULE_VERSION = 1.0.0d1;
				OTHER_REZFLAGS = "";
				PREBINDING = NO;
				PRODUCT_NAME = sirensnke;
				WRAPPER_EXTENSION = kext;
				ZERO_LINK = NO;
			};
			name = Debug;
		};
		1DEB91C508733DAC0010E9CD /* Release */ = {
			isa = XCBuildConfiguration;
			buildSettings = {
				ALWAYS_SEARCH_USER_PATHS = NO;
				DEBUG_INFORMATION_FORMAT = dwarf;
				GCC_MODEL_TUNING = G5;
				GCC_OPTIMIZATION_LEVEL = 0;
				INFOPLIST_FILE = Info.plist;
				INFOPLIST_PREPROCESS = YES;
				INFOPLIST_PREPROCESSOR_DEFINITIONS = (
					"KEXT_BUNDLE_ID=jp.hpcc.ikob.kext.sirensnke",
					"KEXT_VERSION=1.0",
				);
				INSTALL_PATH = "$(SYSTEM_LIBRARY_DIR)/Extensions";
				MODULE_NAME = jp.hpcc.ikob.kext.sirensnke;
				MODULE_NAME_ = jp_hpcc_ikob_kext_sirensnke;
				MODULE_START = jp_hpcc_ikob_kext_sirensnke_start;
				MODULE_STOP = jp_hpcc_ikob_kext_sirensnke_stop;
				MODULE_VERSION = 1.0.0d1;
				OTHER_REZFLAGS = "";
				PREBINDING = NO;
				PRODUCT_NAME = sirensnke;
				WRAPPER_EXTENSION = kext;
				ZERO_LINK = NO;
			};
			name = Release;
		};
		1DEB91C808733DAC0010E9CD /* Debug */ = {
			isa = XCBuildConfiguration;
			buildSettings = {
				ARCHS = "$(ARCHS_STANDARD_32_64_BIT)";
				COPY_PHASE_STRIP = YES;
				GCC_CW_ASM_SYNTAX = YES;
				GCC_C_LANGUAGE_STANDARD = "compiler-default";
				GCC_ENABLE_CPP_EXCEPTIONS = YES;
				GCC_ENABLE_CPP_RTTI = YES;
				GCC_ENABLE_OBJC_EXCEPTIONS = YES;
				GCC_ENABLE_PASCAL_STRINGS = YES;
				GCC_ONE_BYTE_BOOL = YES;
				GCC_OPTIMIZATION_LEVEL = 0;
				GCC_WARN_ABOUT_POINTER_SIGNEDNESS = NO;
				GCC_WARN_ABOUT_RETURN_TYPE = NO;
				GCC_WARN_UNUSED_VARIABLE = YES;
				HEADER_SEARCH_PATHS = ".//**";
				ONLY_ACTIVE_ARCH = NO;
				OTHER_CFLAGS = "";
				PREBINDING = YES;
				SDKROOT = macosx10.6;
				VALID_ARCHS = "i386 x86_64";
			};
			name = Debug;
		};
		1DEB91C908733DAC0010E9CD /* Release */ = {
			isa = XCBuildConfiguration;
			buildSettings = {
				ARCHS = "$(ARCHS_STANDARD_32_64_BIT)";
				COPY_PHASE_STRIP = YES;
				GCC_CW_ASM_SYNTAX = YES;
				GCC_C_LANGUAGE_STANDARD = "compiler-default";
				GCC_ENABLE_CPP_EXCEPTIONS = YES;
				GCC_ENABLE_CPP_RTTI = YES;
				GCC_ENABLE_OBJC_EXCEPTIONS = YES;
				GCC_ENABLE_PASCAL_STRINGS = YES;
				GCC_ONE_BYTE_BOOL = YES;
				GCC_WARN_ABOUT_POINTER_SIGNEDNESS = NO;
				GCC_WARN_ABOUT_RETURN_TYPE = NO;
				GCC_WARN_UNUSED_VARIABLE = YES;
				HEADER_SEARCH_PATHS = ".//**";
				ONLY_ACTIVE_ARCH = NO;
				OTHER_CFLAGS = "";
				PREBINDING = YES;
				SDKROOT = macosx10.6;
				VALID_ARCHS = "i386 x86_64";
			};
			name = Release;
		};
/* End XCBuildConfiguration section */

/* Begin XCConfigurationList section */
		1DEB91C308733DAC0010E9CD /* Build configuration list for PBXNativeTarget "sirensnke" */ = {
			isa = XCConfigurationList;
			buildConfigurations = (
				1DEB91C408733DAC0010E9CD /* Debug */,
				1DEB91C508733DAC0010E9CD /* Release */,
			);
			defaultConfigurationIsVisible = 0;
			defaultConfigurationName = Release;
		};
		1DEB91C708733DAC0010E9CD /* Build configuration list for PBXProject "sirensnke" */ = {
			isa = XCConfigurationList;
			buildConfigurations = (
				1DEB91C808733DAC0010E9CD /* Debug */,
				1DEB91C908733DAC0010E9CD /* Release */,
			);
			defaultConfigurationIsVisible = 0;
			defaultConfigurationName = Release;
		};
/* End XCConfigurationList section */
	};
	rootObject = 089C1669FE841209C02AAC07 /* Project object */;
}
